
Microsoft Visual Studio Solution File, Format Version 12.00
# Visual Studio Version 17
VisualStudioVersion = 17.5.33530.505
MinimumVisualStudioVersion = 10.0.40219.1
Project("{9A19103F-16F7-4668-BE54-9A1E7A4F7556}") = "silentAPI", "silentAPI\silentAPI.csproj", "{ABB147D9-9817-4103-A108-03BD844E89D1}"
EndProject
Project("{9A19103F-16F7-4668-BE54-9A1E7A4F7556}") = "WebApiClient", "WebApiClient\WebApiClient.csproj", "{E32BE6A2-39A3-4086-A001-391697198828}"
EndProject
Global
	GlobalSection(SolutionConfigurationPlatforms) = preSolution
		Debug|Any CPU = Debug|Any CPU
		Release|Any CPU = Release|Any CPU
	EndGlobalSection
	GlobalSection(ProjectConfigurationPlatforms) = postSolution
		{ABB147D9-9817-4103-A108-03BD844E89D1}.Debug|Any CPU.ActiveCfg = Debug|Any CPU
		{ABB147D9-9817-4103-A108-03BD844E89D1}.Debug|Any CPU.Build.0 = Debug|Any CPU
		{ABB147D9-9817-4103-A108-03BD844E89D1}.Release|Any CPU.ActiveCfg = Release|Any CPU
		{ABB147D9-9817-4103-A108-03BD844E89D1}.Release|Any CPU.Build.0 = Release|Any CPU
		{E32BE6A2-39A3-4086-A001-391697198828}.Debug|Any CPU.ActiveCfg = Debug|Any CPU
		{E32BE6A2-39A3-4086-A001-391697198828}.Debug|Any CPU.Build.0 = Debug|Any CPU
		{E32BE6A2-39A3-4086-A001-391697198828}.Release|Any CPU.ActiveCfg = Release|Any CPU
		{E32BE6A2-39A3-4086-A001-391697198828}.Release|Any CPU.Build.0 = Release|Any CPU
	EndGlobalSection
	GlobalSection(SolutionProperties) = preSolution
		HideSolutionNode = FALSE
	EndGlobalSection
	GlobalSection(ExtensibilityGlobals) = postSolution
		SolutionGuid = {2324EE31-1F6A-4EEA-B70B-C8BCA667964C}
	EndGlobalSection
EndGlobal
